// !$*UTF8*$!
{
	archiveVersion = 1;
	classes = {
	};
	objectVersion = 51;
	objects = {

/* Begin PBXBuildFile section */
		C5A276BD90905AFD915BE1DC /* Pods_StayInTouch.framework in Frameworks */ = {isa = PBXBuildFile; fileRef = CCB564758311AA08498F2FB1 /* Pods_StayInTouch.framework */; };
		D4440BFF2443DDD0004B101E /* AppDelegate.swift in Sources */ = {isa = PBXBuildFile; fileRef = D4440BFE2443DDD0004B101E /* AppDelegate.swift */; };
		D4440C012443DDD0004B101E /* SceneDelegate.swift in Sources */ = {isa = PBXBuildFile; fileRef = D4440C002443DDD0004B101E /* SceneDelegate.swift */; };
		D4440C062443DDD0004B101E /* Main.storyboard in Resources */ = {isa = PBXBuildFile; fileRef = D4440C042443DDD0004B101E /* Main.storyboard */; };
		D4440C092443DDD0004B101E /* StayInTouch.xcdatamodeld in Sources */ = {isa = PBXBuildFile; fileRef = D4440C072443DDD0004B101E /* StayInTouch.xcdatamodeld */; };
		D4440C0B2443DDD3004B101E /* Assets.xcassets in Resources */ = {isa = PBXBuildFile; fileRef = D4440C0A2443DDD3004B101E /* Assets.xcassets */; };
		D4440C0E2443DDD3004B101E /* LaunchScreen.storyboard in Resources */ = {isa = PBXBuildFile; fileRef = D4440C0C2443DDD3004B101E /* LaunchScreen.storyboard */; };
		D4440C162443DE20004B101E /* MenuTableViewController.swift in Sources */ = {isa = PBXBuildFile; fileRef = D4440C152443DE20004B101E /* MenuTableViewController.swift */; };
		D4E4A8B12444CD3F00652B45 /* PersonReader.swift in Sources */ = {isa = PBXBuildFile; fileRef = D4E4A8B02444CD3F00652B45 /* PersonReader.swift */; };
		D4E4A8B42444F0EE00652B45 /* PersonDetailsViewController.swift in Sources */ = {isa = PBXBuildFile; fileRef = D4E4A8B32444F0EE00652B45 /* PersonDetailsViewController.swift */; };
		D4E4A8BA2446888E00652B45 /* EditPersonViewController.swift in Sources */ = {isa = PBXBuildFile; fileRef = D4E4A8B92446888E00652B45 /* EditPersonViewController.swift */; };
/* End PBXBuildFile section */

/* Begin PBXFileReference section */
		1A45C260043481ACB28F4ED4 /* Pods-StayInTouch.release.xcconfig */ = {isa = PBXFileReference; includeInIndex = 1; lastKnownFileType = text.xcconfig; name = "Pods-StayInTouch.release.xcconfig"; path = "Target Support Files/Pods-StayInTouch/Pods-StayInTouch.release.xcconfig"; sourceTree = "<group>"; };
		CCB564758311AA08498F2FB1 /* Pods_StayInTouch.framework */ = {isa = PBXFileReference; explicitFileType = wrapper.framework; includeInIndex = 0; path = Pods_StayInTouch.framework; sourceTree = BUILT_PRODUCTS_DIR; };
		D4440BFB2443DDD0004B101E /* StayInTouch.app */ = {isa = PBXFileReference; explicitFileType = wrapper.application; includeInIndex = 0; path = StayInTouch.app; sourceTree = BUILT_PRODUCTS_DIR; };
		D4440BFE2443DDD0004B101E /* AppDelegate.swift */ = {isa = PBXFileReference; lastKnownFileType = sourcecode.swift; path = AppDelegate.swift; sourceTree = "<group>"; };
		D4440C002443DDD0004B101E /* SceneDelegate.swift */ = {isa = PBXFileReference; lastKnownFileType = sourcecode.swift; path = SceneDelegate.swift; sourceTree = "<group>"; };
		D4440C052443DDD0004B101E /* Base */ = {isa = PBXFileReference; lastKnownFileType = file.storyboard; name = Base; path = Base.lproj/Main.storyboard; sourceTree = "<group>"; };
		D4440C082443DDD0004B101E /* StayInTouch.xcdatamodel */ = {isa = PBXFileReference; lastKnownFileType = wrapper.xcdatamodel; path = StayInTouch.xcdatamodel; sourceTree = "<group>"; };
		D4440C0A2443DDD3004B101E /* Assets.xcassets */ = {isa = PBXFileReference; lastKnownFileType = folder.assetcatalog; path = Assets.xcassets; sourceTree = "<group>"; };
		D4440C0D2443DDD3004B101E /* Base */ = {isa = PBXFileReference; lastKnownFileType = file.storyboard; name = Base; path = Base.lproj/LaunchScreen.storyboard; sourceTree = "<group>"; };
		D4440C0F2443DDD3004B101E /* Info.plist */ = {isa = PBXFileReference; lastKnownFileType = text.plist.xml; path = Info.plist; sourceTree = "<group>"; };
		D4440C152443DE20004B101E /* MenuTableViewController.swift */ = {isa = PBXFileReference; lastKnownFileType = sourcecode.swift; path = MenuTableViewController.swift; sourceTree = "<group>"; };
		D4E4A8B02444CD3F00652B45 /* PersonReader.swift */ = {isa = PBXFileReference; lastKnownFileType = sourcecode.swift; path = PersonReader.swift; sourceTree = "<group>"; };
		D4E4A8B32444F0EE00652B45 /* PersonDetailsViewController.swift */ = {isa = PBXFileReference; lastKnownFileType = sourcecode.swift; path = PersonDetailsViewController.swift; sourceTree = "<group>"; };
		D4E4A8B92446888E00652B45 /* EditPersonViewController.swift */ = {isa = PBXFileReference; lastKnownFileType = sourcecode.swift; path = EditPersonViewController.swift; sourceTree = "<group>"; };
		E1E21AF2C3676A4BEE98EC64 /* Pods-StayInTouch.debug.xcconfig */ = {isa = PBXFileReference; includeInIndex = 1; lastKnownFileType = text.xcconfig; name = "Pods-StayInTouch.debug.xcconfig"; path = "Target Support Files/Pods-StayInTouch/Pods-StayInTouch.debug.xcconfig"; sourceTree = "<group>"; };
/* End PBXFileReference section */

/* Begin PBXFrameworksBuildPhase section */
		D4440BF82443DDD0004B101E /* Frameworks */ = {
			isa = PBXFrameworksBuildPhase;
			buildActionMask = 2147483647;
			files = (
				C5A276BD90905AFD915BE1DC /* Pods_StayInTouch.framework in Frameworks */,
			);
			runOnlyForDeploymentPostprocessing = 0;
		};
/* End PBXFrameworksBuildPhase section */

/* Begin PBXGroup section */
		1BC44C8EB84E4155CC5DE952 /* Pods */ = {
			isa = PBXGroup;
			children = (
				E1E21AF2C3676A4BEE98EC64 /* Pods-StayInTouch.debug.xcconfig */,
				1A45C260043481ACB28F4ED4 /* Pods-StayInTouch.release.xcconfig */,
			);
			path = Pods;
			sourceTree = "<group>";
		};
		2002C28CE4FB5D4B951851E4 /* Frameworks */ = {
			isa = PBXGroup;
			children = (
				CCB564758311AA08498F2FB1 /* Pods_StayInTouch.framework */,
			);
			name = Frameworks;
			sourceTree = "<group>";
		};
		D4440BF22443DDCF004B101E = {
			isa = PBXGroup;
			children = (
				D4440BFD2443DDD0004B101E /* StayInTouch */,
				D4440BFC2443DDD0004B101E /* Products */,
				1BC44C8EB84E4155CC5DE952 /* Pods */,
				2002C28CE4FB5D4B951851E4 /* Frameworks */,
			);
			sourceTree = "<group>";
		};
		D4440BFC2443DDD0004B101E /* Products */ = {
			isa = PBXGroup;
			children = (
				D4440BFB2443DDD0004B101E /* StayInTouch.app */,
			);
			name = Products;
			sourceTree = "<group>";
		};
		D4440BFD2443DDD0004B101E /* StayInTouch */ = {
			isa = PBXGroup;
			children = (
				D4E4A8B22444CD4C00652B45 /* Model */,
				D4440C182443DE32004B101E /* View */,
				D4440C172443DE27004B101E /* Controller */,
				D4440BFE2443DDD0004B101E /* AppDelegate.swift */,
				D4440C002443DDD0004B101E /* SceneDelegate.swift */,
				D4440C0A2443DDD3004B101E /* Assets.xcassets */,
				D4440C0C2443DDD3004B101E /* LaunchScreen.storyboard */,
				D4440C0F2443DDD3004B101E /* Info.plist */,
				D4440C192443DEA0004B101E /* Data Model */,
			);
			path = StayInTouch;
			sourceTree = "<group>";
		};
		D4440C172443DE27004B101E /* Controller */ = {
			isa = PBXGroup;
			children = (
				D4440C152443DE20004B101E /* MenuTableViewController.swift */,
				D4E4A8B32444F0EE00652B45 /* PersonDetailsViewController.swift */,
				D4E4A8B92446888E00652B45 /* EditPersonViewController.swift */,
			);
			path = Controller;
			sourceTree = "<group>";
		};
		D4440C182443DE32004B101E /* View */ = {
			isa = PBXGroup;
			children = (
				D4440C042443DDD0004B101E /* Main.storyboard */,
			);
			path = View;
			sourceTree = "<group>";
		};
		D4440C192443DEA0004B101E /* Data Model */ = {
			isa = PBXGroup;
			children = (
				D4440C072443DDD0004B101E /* StayInTouch.xcdatamodeld */,
			);
			path = "Data Model";
			sourceTree = "<group>";
		};
		D4E4A8B22444CD4C00652B45 /* Model */ = {
			isa = PBXGroup;
			children = (
				D4E4A8B02444CD3F00652B45 /* PersonReader.swift */,
			);
			path = Model;
			sourceTree = "<group>";
		};
/* End PBXGroup section */

/* Begin PBXNativeTarget section */
		D4440BFA2443DDD0004B101E /* StayInTouch */ = {
			isa = PBXNativeTarget;
			buildConfigurationList = D4440C122443DDD3004B101E /* Build configuration list for PBXNativeTarget "StayInTouch" */;
			buildPhases = (
				9444B88F19FB07CD4627A84D /* [CP] Check Pods Manifest.lock */,
				D4440BF72443DDD0004B101E /* Sources */,
				D4440BF82443DDD0004B101E /* Frameworks */,
				D4440BF92443DDD0004B101E /* Resources */,
				3F1A7463C18318FB54465D1C /* [CP] Embed Pods Frameworks */,
			);
			buildRules = (
			);
			dependencies = (
			);
			name = StayInTouch;
			productName = StayInTouch;
			productReference = D4440BFB2443DDD0004B101E /* StayInTouch.app */;
			productType = "com.apple.product-type.application";
		};
/* End PBXNativeTarget section */

/* Begin PBXProject section */
		D4440BF32443DDCF004B101E /* Project object */ = {
			isa = PBXProject;
			attributes = {
				LastSwiftUpdateCheck = 1140;
				LastUpgradeCheck = 1140;
				ORGANIZATIONNAME = "Jennifer Liang";
				TargetAttributes = {
					D4440BFA2443DDD0004B101E = {
						CreatedOnToolsVersion = 11.4;
					};
				};
			};
			buildConfigurationList = D4440BF62443DDCF004B101E /* Build configuration list for PBXProject "StayInTouch" */;
			compatibilityVersion = "Xcode 9.3";
			developmentRegion = en;
			hasScannedForEncodings = 0;
			knownRegions = (
				en,
				Base,
			);
			mainGroup = D4440BF22443DDCF004B101E;
			productRefGroup = D4440BFC2443DDD0004B101E /* Products */;
			projectDirPath = "";
			projectRoot = "";
			targets = (
				D4440BFA2443DDD0004B101E /* StayInTouch */,
			);
		};
/* End PBXProject section */

/* Begin PBXResourcesBuildPhase section */
		D4440BF92443DDD0004B101E /* Resources */ = {
			isa = PBXResourcesBuildPhase;
			buildActionMask = 2147483647;
			files = (
				D4440C0E2443DDD3004B101E /* LaunchScreen.storyboard in Resources */,
				D4440C0B2443DDD3004B101E /* Assets.xcassets in Resources */,
				D4440C062443DDD0004B101E /* Main.storyboard in Resources */,
			);
			runOnlyForDeploymentPostprocessing = 0;
		};
/* End PBXResourcesBuildPhase section */

/* Begin PBXShellScriptBuildPhase section */
		3F1A7463C18318FB54465D1C /* [CP] Embed Pods Frameworks */ = {
			isa = PBXShellScriptBuildPhase;
			buildActionMask = 2147483647;
			files = (
			);
			inputFileListPaths = (
				"${PODS_ROOT}/Target Support Files/Pods-StayInTouch/Pods-StayInTouch-frameworks-${CONFIGURATION}-input-files.xcfilelist",
			);
			name = "[CP] Embed Pods Frameworks";
			outputFileListPaths = (
				"${PODS_ROOT}/Target Support Files/Pods-StayInTouch/Pods-StayInTouch-frameworks-${CONFIGURATION}-output-files.xcfilelist",
			);
			runOnlyForDeploymentPostprocessing = 0;
			shellPath = /bin/sh;
			shellScript = "\"${PODS_ROOT}/Target Support Files/Pods-StayInTouch/Pods-StayInTouch-frameworks.sh\"\n";
			showEnvVarsInLog = 0;
		};
		9444B88F19FB07CD4627A84D /* [CP] Check Pods Manifest.lock */ = {
			isa = PBXShellScriptBuildPhase;
			buildActionMask = 2147483647;
			files = (
			);
			inputFileListPaths = (
			);
			inputPaths = (
				"${PODS_PODFILE_DIR_PATH}/Podfile.lock",
				"${PODS_ROOT}/Manifest.lock",
			);
			name = "[CP] Check Pods Manifest.lock";
			outputFileListPaths = (
			);
			outputPaths = (
				"$(DERIVED_FILE_DIR)/Pods-StayInTouch-checkManifestLockResult.txt",
			);
			runOnlyForDeploymentPostprocessing = 0;
			shellPath = /bin/sh;
			shellScript = "diff \"${PODS_PODFILE_DIR_PATH}/Podfile.lock\" \"${PODS_ROOT}/Manifest.lock\" > /dev/null\nif [ $? != 0 ] ; then\n    # print error to STDERR\n    echo \"error: The sandbox is not in sync with the Podfile.lock. Run 'pod install' or update your CocoaPods installation.\" >&2\n    exit 1\nfi\n# This output is used by Xcode 'outputs' to avoid re-running this script phase.\necho \"SUCCESS\" > \"${SCRIPT_OUTPUT_FILE_0}\"\n";
			showEnvVarsInLog = 0;
		};
/* End PBXShellScriptBuildPhase section */

/* Begin PBXSourcesBuildPhase section */
		D4440BF72443DDD0004B101E /* Sources */ = {
			isa = PBXSourcesBuildPhase;
			buildActionMask = 2147483647;
			files = (
				D4440C162443DE20004B101E /* MenuTableViewController.swift in Sources */,
				D4440BFF2443DDD0004B101E /* AppDelegate.swift in Sources */,
				D4E4A8B42444F0EE00652B45 /* PersonDetailsViewController.swift in Sources */,
				D4440C012443DDD0004B101E /* SceneDelegate.swift in Sources */,
				D4E4A8BA2446888E00652B45 /* EditPersonViewController.swift in Sources */,
				D4E4A8B12444CD3F00652B45 /* PersonReader.swift in Sources */,
				D4440C092443DDD0004B101E /* StayInTouch.xcdatamodeld in Sources */,
			);
			runOnlyForDeploymentPostprocessing = 0;
		};
/* End PBXSourcesBuildPhase section */

/* Begin PBXVariantGroup section */
		D4440C042443DDD0004B101E /* Main.storyboard */ = {
			isa = PBXVariantGroup;
			children = (
				D4440C052443DDD0004B101E /* Base */,
			);
			name = Main.storyboard;
			sourceTree = "<group>";
		};
		D4440C0C2443DDD3004B101E /* LaunchScreen.storyboard */ = {
			isa = PBXVariantGroup;
			children = (
				D4440C0D2443DDD3004B101E /* Base */,
			);
			name = LaunchScreen.storyboard;
			sourceTree = "<group>";
		};
/* End PBXVariantGroup section */

/* Begin XCBuildConfiguration section */
		D4440C102443DDD3004B101E /* Debug */ = {
			isa = XCBuildConfiguration;
			buildSettings = {
				ALWAYS_SEARCH_USER_PATHS = NO;
				CLANG_ANALYZER_NONNULL = YES;
				CLANG_ANALYZER_NUMBER_OBJECT_CONVERSION = YES_AGGRESSIVE;
				CLANG_CXX_LANGUAGE_STANDARD = "gnu++14";
				CLANG_CXX_LIBRARY = "libc++";
				CLANG_ENABLE_MODULES = YES;
				CLANG_ENABLE_OBJC_ARC = YES;
				CLANG_ENABLE_OBJC_WEAK = YES;
				CLANG_WARN_BLOCK_CAPTURE_AUTORELEASING = YES;
				CLANG_WARN_BOOL_CONVERSION = YES;
				CLANG_WARN_COMMA = YES;
				CLANG_WARN_CONSTANT_CONVERSION = YES;
				CLANG_WARN_DEPRECATED_OBJC_IMPLEMENTATIONS = YES;
				CLANG_WARN_DIRECT_OBJC_ISA_USAGE = YES_ERROR;
				CLANG_WARN_DOCUMENTATION_COMMENTS = YES;
				CLANG_WARN_EMPTY_BODY = YES;
				CLANG_WARN_ENUM_CONVERSION = YES;
				CLANG_WARN_INFINITE_RECURSION = YES;
				CLANG_WARN_INT_CONVERSION = YES;
				CLANG_WARN_NON_LITERAL_NULL_CONVERSION = YES;
				CLANG_WARN_OBJC_IMPLICIT_RETAIN_SELF = YES;
				CLANG_WARN_OBJC_LITERAL_CONVERSION = YES;
				CLANG_WARN_OBJC_ROOT_CLASS = YES_ERROR;
				CLANG_WARN_RANGE_LOOP_ANALYSIS = YES;
				CLANG_WARN_STRICT_PROTOTYPES = YES;
				CLANG_WARN_SUSPICIOUS_MOVE = YES;
				CLANG_WARN_UNGUARDED_AVAILABILITY = YES_AGGRESSIVE;
				CLANG_WARN_UNREACHABLE_CODE = YES;
				CLANG_WARN__DUPLICATE_METHOD_MATCH = YES;
				COPY_PHASE_STRIP = NO;
				DEBUG_INFORMATION_FORMAT = dwarf;
				ENABLE_STRICT_OBJC_MSGSEND = YES;
				ENABLE_TESTABILITY = YES;
				GCC_C_LANGUAGE_STANDARD = gnu11;
				GCC_DYNAMIC_NO_PIC = NO;
				GCC_NO_COMMON_BLOCKS = YES;
				GCC_OPTIMIZATION_LEVEL = 0;
				GCC_PREPROCESSOR_DEFINITIONS = (
					"DEBUG=1",
					"$(inherited)",
				);
				GCC_WARN_64_TO_32_BIT_CONVERSION = YES;
				GCC_WARN_ABOUT_RETURN_TYPE = YES_ERROR;
				GCC_WARN_UNDECLARED_SELECTOR = YES;
				GCC_WARN_UNINITIALIZED_AUTOS = YES_AGGRESSIVE;
				GCC_WARN_UNUSED_FUNCTION = YES;
				GCC_WARN_UNUSED_VARIABLE = YES;
				IPHONEOS_DEPLOYMENT_TARGET = 13.4;
				MTL_ENABLE_DEBUG_INFO = INCLUDE_SOURCE;
				MTL_FAST_MATH = YES;
				ONLY_ACTIVE_ARCH = YES;
				SDKROOT = iphoneos;
				SWIFT_ACTIVE_COMPILATION_CONDITIONS = DEBUG;
				SWIFT_OPTIMIZATION_LEVEL = "-Onone";
			};
			name = Debug;
		};
		D4440C112443DDD3004B101E /* Release */ = {
			isa = XCBuildConfiguration;
			buildSettings = {
				ALWAYS_SEARCH_USER_PATHS = NO;
				CLANG_ANALYZER_NONNULL = YES;
				CLANG_ANALYZER_NUMBER_OBJECT_CONVERSION = YES_AGGRESSIVE;
				CLANG_CXX_LANGUAGE_STANDARD = "gnu++14";
				CLANG_CXX_LIBRARY = "libc++";
				CLANG_ENABLE_MODULES = YES;
				CLANG_ENABLE_OBJC_ARC = YES;
				CLANG_ENABLE_OBJC_WEAK = YES;
				CLANG_WARN_BLOCK_CAPTURE_AUTORELEASING = YES;
				CLANG_WARN_BOOL_CONVERSION = YES;
				CLANG_WARN_COMMA = YES;
				CLANG_WARN_CONSTANT_CONVERSION = YES;
				CLANG_WARN_DEPRECATED_OBJC_IMPLEMENTATIONS = YES;
				CLANG_WARN_DIRECT_OBJC_ISA_USAGE = YES_ERROR;
				CLANG_WARN_DOCUMENTATION_COMMENTS = YES;
				CLANG_WARN_EMPTY_BODY = YES;
				CLANG_WARN_ENUM_CONVERSION = YES;
				CLANG_WARN_INFINITE_RECURSION = YES;
				CLANG_WARN_INT_CONVERSION = YES;
				CLANG_WARN_NON_LITERAL_NULL_CONVERSION = YES;
				CLANG_WARN_OBJC_IMPLICIT_RETAIN_SELF = YES;
				CLANG_WARN_OBJC_LITERAL_CONVERSION = YES;
				CLANG_WARN_OBJC_ROOT_CLASS = YES_ERROR;
				CLANG_WARN_RANGE_LOOP_ANALYSIS = YES;
				CLANG_WARN_STRICT_PROTOTYPES = YES;
				CLANG_WARN_SUSPICIOUS_MOVE = YES;
				CLANG_WARN_UNGUARDED_AVAILABILITY = YES_AGGRESSIVE;
				CLANG_WARN_UNREACHABLE_CODE = YES;
				CLANG_WARN__DUPLICATE_METHOD_MATCH = YES;
				COPY_PHASE_STRIP = NO;
				DEBUG_INFORMATION_FORMAT = "dwarf-with-dsym";
				ENABLE_NS_ASSERTIONS = NO;
				ENABLE_STRICT_OBJC_MSGSEND = YES;
				GCC_C_LANGUAGE_STANDARD = gnu11;
				GCC_NO_COMMON_BLOCKS = YES;
				GCC_WARN_64_TO_32_BIT_CONVERSION = YES;
				GCC_WARN_ABOUT_RETURN_TYPE = YES_ERROR;
				GCC_WARN_UNDECLARED_SELECTOR = YES;
				GCC_WARN_UNINITIALIZED_AUTOS = YES_AGGRESSIVE;
				GCC_WARN_UNUSED_FUNCTION = YES;
				GCC_WARN_UNUSED_VARIABLE = YES;
				IPHONEOS_DEPLOYMENT_TARGET = 13.4;
				MTL_ENABLE_DEBUG_INFO = NO;
				MTL_FAST_MATH = YES;
				SDKROOT = iphoneos;
				SWIFT_COMPILATION_MODE = wholemodule;
				SWIFT_OPTIMIZATION_LEVEL = "-O";
				VALIDATE_PRODUCT = YES;
			};
			name = Release;
		};
		D4440C132443DDD3004B101E /* Debug */ = {
			isa = XCBuildConfiguration;
			baseConfigurationReference = E1E21AF2C3676A4BEE98EC64 /* Pods-StayInTouch.debug.xcconfig */;
			buildSettings = {
				ASSETCATALOG_COMPILER_APPICON_NAME = AppIcon;
				CODE_SIGN_STYLE = Automatic;
				INFOPLIST_FILE = StayInTouch/Info.plist;
				LD_RUNPATH_SEARCH_PATHS = (
					"$(inherited)",
					"@executable_path/Frameworks",
				);
				PRODUCT_BUNDLE_IDENTIFIER = com.jenniferliang.StayInTouch;
				PRODUCT_NAME = "$(TARGET_NAME)";
				SWIFT_VERSION = 5.0;
				TARGETED_DEVICE_FAMILY = "1,2";
			};
			name = Debug;
		};
		D4440C142443DDD3004B101E /* Release */ = {
			isa = XCBuildConfiguration;
			baseConfigurationReference = 1A45C260043481ACB28F4ED4 /* Pods-StayInTouch.release.xcconfig */;
			buildSettings = {
				ASSETCATALOG_COMPILER_APPICON_NAME = AppIcon;
				CODE_SIGN_STYLE = Automatic;
				INFOPLIST_FILE = StayInTouch/Info.plist;
				LD_RUNPATH_SEARCH_PATHS = (
					"$(inherited)",
					"@executable_path/Frameworks",
				);
				PRODUCT_BUNDLE_IDENTIFIER = com.jenniferliang.StayInTouch;
				PRODUCT_NAME = "$(TARGET_NAME)";
				SWIFT_VERSION = 5.0;
				TARGETED_DEVICE_FAMILY = "1,2";
			};
			name = Release;
		};
/* End XCBuildConfiguration section */

/* Begin XCConfigurationList section */
		D4440BF62443DDCF004B101E /* Build configuration list for PBXProject "StayInTouch" */ = {
			isa = XCConfigurationList;
			buildConfigurations = (
				D4440C102443DDD3004B101E /* Debug */,
				D4440C112443DDD3004B101E /* Release */,
			);
			defaultConfigurationIsVisible = 0;
			defaultConfigurationName = Release;
		};
		D4440C122443DDD3004B101E /* Build configuration list for PBXNativeTarget "StayInTouch" */ = {
			isa = XCConfigurationList;
			buildConfigurations = (
				D4440C132443DDD3004B101E /* Debug */,
				D4440C142443DDD3004B101E /* Release */,
			);
			defaultConfigurationIsVisible = 0;
			defaultConfigurationName = Release;
		};
/* End XCConfigurationList section */

/* Begin XCVersionGroup section */
		D4440C072443DDD0004B101E /* StayInTouch.xcdatamodeld */ = {
			isa = XCVersionGroup;
			children = (
				D4440C082443DDD0004B101E /* StayInTouch.xcdatamodel */,
			);
			currentVersion = D4440C082443DDD0004B101E /* StayInTouch.xcdatamodel */;
			path = StayInTouch.xcdatamodeld;
			sourceTree = "<group>";
			versionGroupType = wrapper.xcdatamodel;
		};
/* End XCVersionGroup section */
	};
	rootObject = D4440BF32443DDCF004B101E /* Project object */;
}
